// !$*UTF8*$!
{
	archiveVersion = 1;
	classes = {
	};
	objectVersion = 46;
	objects = {

/* Begin PBXBuildFile section */
		2C48B975ADE2C64FC6AB7AC9 /* Pods_CPics.framework in Frameworks */ = {isa = PBXBuildFile; fileRef = AFA05E583AC54F78FBF903DA /* Pods_CPics.framework */; };
		AE1A89271DDE1F5B009F9138 /* CAParse.swift in Sources */ = {isa = PBXBuildFile; fileRef = AE1A89261DDE1F5B009F9138 /* CAParse.swift */; };
		AE57B1541DDE1D2F000CE13D /* AppDelegate.swift in Sources */ = {isa = PBXBuildFile; fileRef = AE57B1531DDE1D2F000CE13D /* AppDelegate.swift */; };
		AE57B1591DDE1D2F000CE13D /* Main.storyboard in Resources */ = {isa = PBXBuildFile; fileRef = AE57B1571DDE1D2F000CE13D /* Main.storyboard */; };
		AE57B15B1DDE1D2F000CE13D /* Assets.xcassets in Resources */ = {isa = PBXBuildFile; fileRef = AE57B15A1DDE1D2F000CE13D /* Assets.xcassets */; };
		AE57B15E1DDE1D2F000CE13D /* LaunchScreen.storyboard in Resources */ = {isa = PBXBuildFile; fileRef = AE57B15C1DDE1D2F000CE13D /* LaunchScreen.storyboard */; };
		AE57B16B1DDE1DB3000CE13D /* TableViewController.swift in Sources */ = {isa = PBXBuildFile; fileRef = AE57B16A1DDE1DB3000CE13D /* TableViewController.swift */; };
/* End PBXBuildFile section */

/* Begin PBXFileReference section */
		42F865AAF112D9AF581FDBEA /* Pods-CPics.debug.xcconfig */ = {isa = PBXFileReference; includeInIndex = 1; lastKnownFileType = text.xcconfig; name = "Pods-CPics.debug.xcconfig"; path = "Pods/Target Support Files/Pods-CPics/Pods-CPics.debug.xcconfig"; sourceTree = "<group>"; };
		53BCBA42A074C9817A9248F2 /* Pods-CPics.release.xcconfig */ = {isa = PBXFileReference; includeInIndex = 1; lastKnownFileType = text.xcconfig; name = "Pods-CPics.release.xcconfig"; path = "Pods/Target Support Files/Pods-CPics/Pods-CPics.release.xcconfig"; sourceTree = "<group>"; };
		AE1A89261DDE1F5B009F9138 /* CAParse.swift */ = {isa = PBXFileReference; fileEncoding = 4; lastKnownFileType = sourcecode.swift; path = CAParse.swift; sourceTree = "<group>"; };
		AE57B1501DDE1D2F000CE13D /* CPics.app */ = {isa = PBXFileReference; explicitFileType = wrapper.application; includeInIndex = 0; path = CPics.app; sourceTree = BUILT_PRODUCTS_DIR; };
		AE57B1531DDE1D2F000CE13D /* AppDelegate.swift */ = {isa = PBXFileReference; lastKnownFileType = sourcecode.swift; path = AppDelegate.swift; sourceTree = "<group>"; };
		AE57B1581DDE1D2F000CE13D /* Base */ = {isa = PBXFileReference; lastKnownFileType = file.storyboard; name = Base; path = Base.lproj/Main.storyboard; sourceTree = "<group>"; };
		AE57B15A1DDE1D2F000CE13D /* Assets.xcassets */ = {isa = PBXFileReference; lastKnownFileType = folder.assetcatalog; path = Assets.xcassets; sourceTree = "<group>"; };
		AE57B15D1DDE1D2F000CE13D /* Base */ = {isa = PBXFileReference; lastKnownFileType = file.storyboard; name = Base; path = Base.lproj/LaunchScreen.storyboard; sourceTree = "<group>"; };
		AE57B15F1DDE1D2F000CE13D /* Info.plist */ = {isa = PBXFileReference; lastKnownFileType = text.plist.xml; path = Info.plist; sourceTree = "<group>"; };
		AE57B16A1DDE1DB3000CE13D /* TableViewController.swift */ = {isa = PBXFileReference; fileEncoding = 4; lastKnownFileType = sourcecode.swift; path = TableViewController.swift; sourceTree = "<group>"; };
		AFA05E583AC54F78FBF903DA /* Pods_CPics.framework */ = {isa = PBXFileReference; explicitFileType = wrapper.framework; includeInIndex = 0; path = Pods_CPics.framework; sourceTree = BUILT_PRODUCTS_DIR; };
/* End PBXFileReference section */

/* Begin PBXFrameworksBuildPhase section */
		AE57B14D1DDE1D2F000CE13D /* Frameworks */ = {
			isa = PBXFrameworksBuildPhase;
			buildActionMask = 2147483647;
			files = (
				2C48B975ADE2C64FC6AB7AC9 /* Pods_CPics.framework in Frameworks */,
			);
			runOnlyForDeploymentPostprocessing = 0;
		};
/* End PBXFrameworksBuildPhase section */

/* Begin PBXGroup section */
		31D3204426BEBD8ACAB09DF6 /* Pods */ = {
			isa = PBXGroup;
			children = (
				42F865AAF112D9AF581FDBEA /* Pods-CPics.debug.xcconfig */,
				53BCBA42A074C9817A9248F2 /* Pods-CPics.release.xcconfig */,
			);
			name = Pods;
			sourceTree = "<group>";
		};
		AE57B1471DDE1D2F000CE13D = {
			isa = PBXGroup;
			children = (
				AE57B1521DDE1D2F000CE13D /* CPics */,
				AE57B1511DDE1D2F000CE13D /* Products */,
				AE57B1651DDE1D9A000CE13D /* Frameworks */,
				31D3204426BEBD8ACAB09DF6 /* Pods */,
			);
			sourceTree = "<group>";
		};
		AE57B1511DDE1D2F000CE13D /* Products */ = {
			isa = PBXGroup;
			children = (
				AE57B1501DDE1D2F000CE13D /* CPics.app */,
			);
			name = Products;
			sourceTree = "<group>";
		};
		AE57B1521DDE1D2F000CE13D /* CPics */ = {
			isa = PBXGroup;
			children = (
				AE57B1531DDE1D2F000CE13D /* AppDelegate.swift */,
				AE57B1571DDE1D2F000CE13D /* Main.storyboard */,
				AE57B16A1DDE1DB3000CE13D /* TableViewController.swift */,
				AE1A89261DDE1F5B009F9138 /* CAParse.swift */,
				AE57B15A1DDE1D2F000CE13D /* Assets.xcassets */,
				AE57B15C1DDE1D2F000CE13D /* LaunchScreen.storyboard */,
				AE57B15F1DDE1D2F000CE13D /* Info.plist */,
			);
			path = CPics;
			sourceTree = "<group>";
		};
		AE57B1651DDE1D9A000CE13D /* Frameworks */ = {
			isa = PBXGroup;
			children = (
				AFA05E583AC54F78FBF903DA /* Pods_CPics.framework */,
			);
			name = Frameworks;
			sourceTree = "<group>";
		};
/* End PBXGroup section */

/* Begin PBXNativeTarget section */
		AE57B14F1DDE1D2F000CE13D /* CPics */ = {
			isa = PBXNativeTarget;
			buildConfigurationList = AE57B1621DDE1D2F000CE13D /* Build configuration list for PBXNativeTarget "CPics" */;
			buildPhases = (
				06D13CB236F4560FF6594EAB /* [CP] Check Pods Manifest.lock */,
				AE57B14C1DDE1D2F000CE13D /* Sources */,
				AE57B14D1DDE1D2F000CE13D /* Frameworks */,
				AE57B14E1DDE1D2F000CE13D /* Resources */,
				EAF41AB7C3946D51EF511F9B /* [CP] Embed Pods Frameworks */,
				0FE331EE9DF7AE1314BBBFAB /* [CP] Copy Pods Resources */,
			);
			buildRules = (
			);
			dependencies = (
			);
			name = CPics;
			productName = CPics;
			productReference = AE57B1501DDE1D2F000CE13D /* CPics.app */;
			productType = "com.apple.product-type.application";
		};
/* End PBXNativeTarget section */

/* Begin PBXProject section */
		AE57B1481DDE1D2F000CE13D /* Project object */ = {
			isa = PBXProject;
			attributes = {
				LastSwiftUpdateCheck = 0810;
				LastUpgradeCheck = 0810;
				ORGANIZATIONNAME = "Justin Moore";
				TargetAttributes = {
					AE57B14F1DDE1D2F000CE13D = {
						CreatedOnToolsVersion = 8.1;
						DevelopmentTeam = 7DYAS5V273;
						ProvisioningStyle = Automatic;
					};
				};
			};
			buildConfigurationList = AE57B14B1DDE1D2F000CE13D /* Build configuration list for PBXProject "CPics" */;
			compatibilityVersion = "Xcode 3.2";
			developmentRegion = English;
			hasScannedForEncodings = 0;
			knownRegions = (
				en,
				Base,
			);
			mainGroup = AE57B1471DDE1D2F000CE13D;
			productRefGroup = AE57B1511DDE1D2F000CE13D /* Products */;
			projectDirPath = "";
			projectRoot = "";
			targets = (
				AE57B14F1DDE1D2F000CE13D /* CPics */,
			);
		};
/* End PBXProject section */

/* Begin PBXResourcesBuildPhase section */
		AE57B14E1DDE1D2F000CE13D /* Resources */ = {
			isa = PBXResourcesBuildPhase;
			buildActionMask = 2147483647;
			files = (
				AE57B15E1DDE1D2F000CE13D /* LaunchScreen.storyboard in Resources */,
				AE57B15B1DDE1D2F000CE13D /* Assets.xcassets in Resources */,
				AE57B1591DDE1D2F000CE13D /* Main.storyboard in Resources */,
			);
			runOnlyForDeploymentPostprocessing = 0;
		};
/* End PBXResourcesBuildPhase section */

/* Begin PBXShellScriptBuildPhase section */
		06D13CB236F4560FF6594EAB /* [CP] Check Pods Manifest.lock */ = {
			isa = PBXShellScriptBuildPhase;
			buildActionMask = 2147483647;
			files = (
			);
			inputPaths = (
			);
			name = "[CP] Check Pods Manifest.lock";
			outputPaths = (
			);
			runOnlyForDeploymentPostprocessing = 0;
			shellPath = /bin/sh;
			shellScript = "diff \"${PODS_ROOT}/../Podfile.lock\" \"${PODS_ROOT}/Manifest.lock\" > /dev/null\nif [ $? != 0 ] ; then\n    # print error to STDERR\n    echo \"error: The sandbox is not in sync with the Podfile.lock. Run 'pod install' or update your CocoaPods installation.\" >&2\n    exit 1\nfi\n";
			showEnvVarsInLog = 0;
		};
		0FE331EE9DF7AE1314BBBFAB /* [CP] Copy Pods Resources */ = {
			isa = PBXShellScriptBuildPhase;
			buildActionMask = 2147483647;
			files = (
			);
			inputPaths = (
			);
			name = "[CP] Copy Pods Resources";
			outputPaths = (
			);
			runOnlyForDeploymentPostprocessing = 0;
			shellPath = /bin/sh;
			shellScript = "\"${SRCROOT}/Pods/Target Support Files/Pods-CPics/Pods-CPics-resources.sh\"\n";
			showEnvVarsInLog = 0;
		};
		EAF41AB7C3946D51EF511F9B /* [CP] Embed Pods Frameworks */ = {
			isa = PBXShellScriptBuildPhase;
			buildActionMask = 2147483647;
			files = (
			);
			inputPaths = (
			);
			name = "[CP] Embed Pods Frameworks";
			outputPaths = (
			);
			runOnlyForDeploymentPostprocessing = 0;
			shellPath = /bin/sh;
			shellScript = "\"${SRCROOT}/Pods/Target Support Files/Pods-CPics/Pods-CPics-frameworks.sh\"\n";
			showEnvVarsInLog = 0;
		};
/* End PBXShellScriptBuildPhase section */

/* Begin PBXSourcesBuildPhase section */
		AE57B14C1DDE1D2F000CE13D /* Sources */ = {
			isa = PBXSourcesBuildPhase;
			buildActionMask = 2147483647;
			files = (
				AE1A89271DDE1F5B009F9138 /* CAParse.swift in Sources */,
				AE57B1541DDE1D2F000CE13D /* AppDelegate.swift in Sources */,
				AE57B16B1DDE1DB3000CE13D /* TableViewController.swift in Sources */,
			);
			runOnlyForDeploymentPostprocessing = 0;
		};
/* End PBXSourcesBuildPhase section */

/* Begin PBXVariantGroup section */
		AE57B1571DDE1D2F000CE13D /* Main.storyboard */ = {
			isa = PBXVariantGroup;
			children = (
				AE57B1581DDE1D2F000CE13D /* Base */,
			);
			name = Main.storyboard;
			sourceTree = "<group>";
		};
		AE57B15C1DDE1D2F000CE13D /* LaunchScreen.storyboard */ = {
			isa = PBXVariantGroup;
			children = (
				AE57B15D1DDE1D2F000CE13D /* Base */,
			);
			name = LaunchScreen.storyboard;
			sourceTree = "<group>";
		};
/* End PBXVariantGroup section */

/* Begin XCBuildConfiguration section */
		AE57B1601DDE1D2F000CE13D /* Debug */ = {
			isa = XCBuildConfiguration;
			buildSettings = {
				ALWAYS_SEARCH_USER_PATHS = NO;
				CLANG_ANALYZER_NONNULL = YES;
				CLANG_CXX_LANGUAGE_STANDARD = "gnu++0x";
				CLANG_CXX_LIBRARY = "libc++";
				CLANG_ENABLE_MODULES = YES;
				CLANG_ENABLE_OBJC_ARC = YES;
				CLANG_WARN_BOOL_CONVERSION = YES;
				CLANG_WARN_CONSTANT_CONVERSION = YES;
				CLANG_WARN_DIRECT_OBJC_ISA_USAGE = YES_ERROR;
				CLANG_WARN_DOCUMENTATION_COMMENTS = YES;
				CLANG_WARN_EMPTY_BODY = YES;
				CLANG_WARN_ENUM_CONVERSION = YES;
				CLANG_WARN_INFINITE_RECURSION = YES;
				CLANG_WARN_INT_CONVERSION = YES;
				CLANG_WARN_OBJC_ROOT_CLASS = YES_ERROR;
				CLANG_WARN_SUSPICIOUS_MOVES = YES;
				CLANG_WARN_UNREACHABLE_CODE = YES;
				CLANG_WARN__DUPLICATE_METHOD_MATCH = YES;
				"CODE_SIGN_IDENTITY[sdk=iphoneos*]" = "iPhone Developer";
				COPY_PHASE_STRIP = NO;
				DEBUG_INFORMATION_FORMAT = dwarf;
				ENABLE_STRICT_OBJC_MSGSEND = YES;
				ENABLE_TESTABILITY = YES;
				GCC_C_LANGUAGE_STANDARD = gnu99;
				GCC_DYNAMIC_NO_PIC = NO;
				GCC_NO_COMMON_BLOCKS = YES;
				GCC_OPTIMIZATION_LEVEL = 0;
				GCC_PREPROCESSOR_DEFINITIONS = (
					"DEBUG=1",
					"$(inherited)",
				);
				GCC_WARN_64_TO_32_BIT_CONVERSION = YES;
				GCC_WARN_ABOUT_RETURN_TYPE = YES_ERROR;
				GCC_WARN_UNDECLARED_SELECTOR = YES;
				GCC_WARN_UNINITIALIZED_AUTOS = YES_AGGRESSIVE;
				GCC_WARN_UNUSED_FUNCTION = YES;
				GCC_WARN_UNUSED_VARIABLE = YES;
				IPHONEOS_DEPLOYMENT_TARGET = 10.1;
				MTL_ENABLE_DEBUG_INFO = YES;
				ONLY_ACTIVE_ARCH = YES;
				SDKROOT = iphoneos;
				SWIFT_ACTIVE_COMPILATION_CONDITIONS = DEBUG;
				SWIFT_OPTIMIZATION_LEVEL = "-Onone";
				TARGETED_DEVICE_FAMILY = "1,2";
			};
			name = Debug;
		};
		AE57B1611DDE1D2F000CE13D /* Release */ = {
			isa = XCBuildConfiguration;
			buildSettings = {
				ALWAYS_SEARCH_USER_PATHS = NO;
				CLANG_ANALYZER_NONNULL = YES;
				CLANG_CXX_LANGUAGE_STANDARD = "gnu++0x";
				CLANG_CXX_LIBRARY = "libc++";
				CLANG_ENABLE_MODULES = YES;
				CLANG_ENABLE_OBJC_ARC = YES;
				CLANG_WARN_BOOL_CONVERSION = YES;
				CLANG_WARN_CONSTANT_CONVERSION = YES;
				CLANG_WARN_DIRECT_OBJC_ISA_USAGE = YES_ERROR;
				CLANG_WARN_DOCUMENTATION_COMMENTS = YES;
				CLANG_WARN_EMPTY_BODY = YES;
				CLANG_WARN_ENUM_CONVERSION = YES;
				CLANG_WARN_INFINITE_RECURSION = YES;
				CLANG_WARN_INT_CONVERSION = YES;
				CLANG_WARN_OBJC_ROOT_CLASS = YES_ERROR;
				CLANG_WARN_SUSPICIOUS_MOVES = YES;
				CLANG_WARN_UNREACHABLE_CODE = YES;
				CLANG_WARN__DUPLICATE_METHOD_MATCH = YES;
				"CODE_SIGN_IDENTITY[sdk=iphoneos*]" = "iPhone Developer";
				COPY_PHASE_STRIP = NO;
				DEBUG_INFORMATION_FORMAT = "dwarf-with-dsym";
				ENABLE_NS_ASSERTIONS = NO;
				ENABLE_STRICT_OBJC_MSGSEND = YES;
				GCC_C_LANGUAGE_STANDARD = gnu99;
				GCC_NO_COMMON_BLOCKS = YES;
				GCC_WARN_64_TO_32_BIT_CONVERSION = YES;
				GCC_WARN_ABOUT_RETURN_TYPE = YES_ERROR;
				GCC_WARN_UNDECLARED_SELECTOR = YES;
				GCC_WARN_UNINITIALIZED_AUTOS = YES_AGGRESSIVE;
				GCC_WARN_UNUSED_FUNCTION = YES;
				GCC_WARN_UNUSED_VARIABLE = YES;
				IPHONEOS_DEPLOYMENT_TARGET = 10.1;
				MTL_ENABLE_DEBUG_INFO = NO;
				SDKROOT = iphoneos;
				SWIFT_OPTIMIZATION_LEVEL = "-Owholemodule";
				TARGETED_DEVICE_FAMILY = "1,2";
				VALIDATE_PRODUCT = YES;
			};
			name = Release;
		};
		AE57B1631DDE1D2F000CE13D /* Debug */ = {
			isa = XCBuildConfiguration;
			baseConfigurationReference = 42F865AAF112D9AF581FDBEA /* Pods-CPics.debug.xcconfig */;
			buildSettings = {
				ASSETCATALOG_COMPILER_APPICON_NAME = AppIcon;
				DEVELOPMENT_TEAM = 7DYAS5V273;
				FRAMEWORK_SEARCH_PATHS = (
					"$(inherited)",
					"$(USER_LIBRARY_DIR)/Mobile\\ Documents/com~apple~CloudDocs/Projects/CadetsAuditions/Carthage/Build/iOS",
					"$(USER_LIBRARY_DIR)/Mobile\\ Documents/com~apple~CloudDocs/Projects/CadetsAuditions/Carthage/Build/iOS",
				);
				INFOPLIST_FILE = CPics/Info.plist;
				IPHONEOS_DEPLOYMENT_TARGET = 9.3;
				LD_RUNPATH_SEARCH_PATHS = "$(inherited) @executable_path/Frameworks";
				PRODUCT_BUNDLE_IDENTIFIER = org.yea.CadetAuditions.CPics;
				PRODUCT_NAME = "$(TARGET_NAME)";
				SWIFT_VERSION = 3.0;
			};
			name = Debug;
		};
		AE57B1641DDE1D2F000CE13D /* Release */ = {
			isa = XCBuildConfiguration;
			baseConfigurationReference = 53BCBA42A074C9817A9248F2 /* Pods-CPics.release.xcconfig */;
			buildSettings = {
				ASSETCATALOG_COMPILER_APPICON_NAME = AppIcon;
				DEVELOPMENT_TEAM = 7DYAS5V273;
				FRAMEWORK_SEARCH_PATHS = (
					"$(inherited)",
					"$(USER_LIBRARY_DIR)/Mobile\\ Documents/com~apple~CloudDocs/Projects/CadetsAuditions/Carthage/Build/iOS",
					"$(USER_LIBRARY_DIR)/Mobile\\ Documents/com~apple~CloudDocs/Projects/CadetsAuditions/Carthage/Build/iOS",
				);
				INFOPLIST_FILE = CPics/Info.plist;
				IPHONEOS_DEPLOYMENT_TARGET = 9.3;
				LD_RUNPATH_SEARCH_PATHS = "$(inherited) @executable_path/Frameworks";
				PRODUCT_BUNDLE_IDENTIFIER = org.yea.CadetAuditions.CPics;
				PRODUCT_NAME = "$(TARGET_NAME)";
				SWIFT_VERSION = 3.0;
			};
			name = Release;
		};
/* End XCBuildConfiguration section */

/* Begin XCConfigurationList section */
		AE57B14B1DDE1D2F000CE13D /* Build configuration list for PBXProject "CPics" */ = {
			isa = XCConfigurationList;
			buildConfigurations = (
				AE57B1601DDE1D2F000CE13D /* Debug */,
				AE57B1611DDE1D2F000CE13D /* Release */,
			);
			defaultConfigurationIsVisible = 0;
			defaultConfigurationName = Release;
		};
		AE57B1621DDE1D2F000CE13D /* Build configuration list for PBXNativeTarget "CPics" */ = {
			isa = XCConfigurationList;
			buildConfigurations = (
				AE57B1631DDE1D2F000CE13D /* Debug */,
				AE57B1641DDE1D2F000CE13D /* Release */,
			);
			defaultConfigurationIsVisible = 0;
			defaultConfigurationName = Release;
		};
/* End XCConfigurationList section */
	};
	rootObject = AE57B1481DDE1D2F000CE13D /* Project object */;
}
